
Microsoft Visual Studio Solution File, Format Version 12.00
# Visual Studio Version 16
VisualStudioVersion = 16.0.32002.261
MinimumVisualStudioVersion = 10.0.40219.1
Project("{FAE04EC0-301F-11D3-BF4B-00C04F79EFBC}") = "NunitTest_Jenkins", "NunitTest_Jenkins\NunitTest_Jenkins.csproj", "{51E1AB32-545D-4E57-AFDA-F50DBFADF0C9}"
EndProject
Project("{FAE04EC0-301F-11D3-BF4B-00C04F79EFBC}") = "NUnitTest_Jenkins.Tests", "NUnitTest_Jenkins.Tests\NUnitTest_Jenkins.Tests.csproj", "{FE124B9D-D379-4491-BADF-46BC9CDE568E}"
EndProject
Global
	GlobalSection(SolutionConfigurationPlatforms) = preSolution
		Debug|Any CPU = Debug|Any CPU
		Release|Any CPU = Release|Any CPU
	EndGlobalSection
	GlobalSection(ProjectConfigurationPlatforms) = postSolution
		{51E1AB32-545D-4E57-AFDA-F50DBFADF0C9}.Debug|Any CPU.ActiveCfg = Debug|Any CPU
		{51E1AB32-545D-4E57-AFDA-F50DBFADF0C9}.Debug|Any CPU.Build.0 = Debug|Any CPU
		{51E1AB32-545D-4E57-AFDA-F50DBFADF0C9}.Release|Any CPU.ActiveCfg = Release|Any CPU
		{51E1AB32-545D-4E57-AFDA-F50DBFADF0C9}.Release|Any CPU.Build.0 = Release|Any CPU
		{FE124B9D-D379-4491-BADF-46BC9CDE568E}.Debug|Any CPU.ActiveCfg = Debug|Any CPU
		{FE124B9D-D379-4491-BADF-46BC9CDE568E}.Debug|Any CPU.Build.0 = Debug|Any CPU
		{FE124B9D-D379-4491-BADF-46BC9CDE568E}.Release|Any CPU.ActiveCfg = Release|Any CPU
		{FE124B9D-D379-4491-BADF-46BC9CDE568E}.Release|Any CPU.Build.0 = Release|Any CPU
	EndGlobalSection
	GlobalSection(SolutionProperties) = preSolution
		HideSolutionNode = FALSE
	EndGlobalSection
	GlobalSection(ExtensibilityGlobals) = postSolution
		SolutionGuid = {B5DD3D34-F86B-4D94-928F-F18B59495EEC}
	EndGlobalSection
EndGlobal
